
Microsoft Visual Studio Solution File, Format Version 12.00
# Visual Studio Version 17
VisualStudioVersion = 17.8.34525.116
MinimumVisualStudioVersion = 10.0.40219.1
Project("{9A19103F-16F7-4668-BE54-9A1E7A4F7556}") = "ST10303017_CLDV6211_POE", "ST10303017_CLDV6211_POE\ST10303017_CLDV6211_POE.csproj", "{100E563E-44EC-4F8C-B711-5A9E2D5A6464}"
EndProject
Global
	GlobalSection(SolutionConfigurationPlatforms) = preSolution
		Debug|Any CPU = Debug|Any CPU
		Release|Any CPU = Release|Any CPU
	EndGlobalSection
	GlobalSection(ProjectConfigurationPlatforms) = postSolution
		{100E563E-44EC-4F8C-B711-5A9E2D5A6464}.Debug|Any CPU.ActiveCfg = Debug|Any CPU
		{100E563E-44EC-4F8C-B711-5A9E2D5A6464}.Debug|Any CPU.Build.0 = Debug|Any CPU
		{100E563E-44EC-4F8C-B711-5A9E2D5A6464}.Release|Any CPU.ActiveCfg = Release|Any CPU
		{100E563E-44EC-4F8C-B711-5A9E2D5A6464}.Release|Any CPU.Build.0 = Release|Any CPU
	EndGlobalSection
	GlobalSection(SolutionProperties) = preSolution
		HideSolutionNode = FALSE
	EndGlobalSection
	GlobalSection(ExtensibilityGlobals) = postSolution
		SolutionGuid = {E6DEC3BF-1702-4036-BD4E-772EC9B89850}
	EndGlobalSection
EndGlobal
